
Microsoft Visual Studio Solution File, Format Version 12.00
# Visual Studio Version 16
VisualStudioVersion = 16.0.30413.136
MinimumVisualStudioVersion = 10.0.40219.1
Project("{FAE04EC0-301F-11D3-BF4B-00C04F79EFBC}") = "vanMansom.201109 SZGY JZ", "vanMansom.201109 SZGY JZ\vanMansom.201109 SZGY JZ.csproj", "{20413C86-6879-41D4-BD82-A6A4D5A2B95B}"
EndProject
Global
	GlobalSection(SolutionConfigurationPlatforms) = preSolution
		Debug|Any CPU = Debug|Any CPU
		Release|Any CPU = Release|Any CPU
	EndGlobalSection
	GlobalSection(ProjectConfigurationPlatforms) = postSolution
		{20413C86-6879-41D4-BD82-A6A4D5A2B95B}.Debug|Any CPU.ActiveCfg = Debug|Any CPU
		{20413C86-6879-41D4-BD82-A6A4D5A2B95B}.Debug|Any CPU.Build.0 = Debug|Any CPU
		{20413C86-6879-41D4-BD82-A6A4D5A2B95B}.Release|Any CPU.ActiveCfg = Release|Any CPU
		{20413C86-6879-41D4-BD82-A6A4D5A2B95B}.Release|Any CPU.Build.0 = Release|Any CPU
	EndGlobalSection
	GlobalSection(SolutionProperties) = preSolution
		HideSolutionNode = FALSE
	EndGlobalSection
	GlobalSection(ExtensibilityGlobals) = postSolution
		SolutionGuid = {A809073C-5D8B-41D1-BAC4-D2DE91594E74}
	EndGlobalSection
EndGlobal
